
Microsoft Visual Studio Solution File, Format Version 12.00
# Visual Studio 2013
VisualStudioVersion = 12.0.31101.0
MinimumVisualStudioVersion = 10.0.40219.1
Project("{FAE04EC0-301F-11D3-BF4B-00C04F79EFBC}") = "Example.Service", "Example.Service\Example.Service.csproj", "{DA3D1C6D-8253-4F81-B19E-B48031F9FB27}"
EndProject
Project("{FAE04EC0-301F-11D3-BF4B-00C04F79EFBC}") = "Example.Client", "Example.Client\Example.Client.csproj", "{FC381EDA-96B5-473D-8794-175875109A08}"
EndProject
Global
	GlobalSection(SolutionConfigurationPlatforms) = preSolution
		Debug|Any CPU = Debug|Any CPU
		Release|Any CPU = Release|Any CPU
	EndGlobalSection
	GlobalSection(ProjectConfigurationPlatforms) = postSolution
		{DA3D1C6D-8253-4F81-B19E-B48031F9FB27}.Debug|Any CPU.ActiveCfg = Debug|Any CPU
		{DA3D1C6D-8253-4F81-B19E-B48031F9FB27}.Debug|Any CPU.Build.0 = Debug|Any CPU
		{DA3D1C6D-8253-4F81-B19E-B48031F9FB27}.Release|Any CPU.ActiveCfg = Release|Any CPU
		{DA3D1C6D-8253-4F81-B19E-B48031F9FB27}.Release|Any CPU.Build.0 = Release|Any CPU
		{FC381EDA-96B5-473D-8794-175875109A08}.Debug|Any CPU.ActiveCfg = Debug|Any CPU
		{FC381EDA-96B5-473D-8794-175875109A08}.Debug|Any CPU.Build.0 = Debug|Any CPU
		{FC381EDA-96B5-473D-8794-175875109A08}.Release|Any CPU.ActiveCfg = Release|Any CPU
		{FC381EDA-96B5-473D-8794-175875109A08}.Release|Any CPU.Build.0 = Release|Any CPU
	EndGlobalSection
	GlobalSection(SolutionProperties) = preSolution
		HideSolutionNode = FALSE
	EndGlobalSection
EndGlobal
